
Microsoft Visual Studio Solution File, Format Version 12.00
# Visual Studio Version 17
VisualStudioVersion = 17.9.34728.123
MinimumVisualStudioVersion = 10.0.40219.1
Project("{9A19103F-16F7-4668-BE54-9A1E7A4F7556}") = "Patterns", "Patterns\Patterns.csproj", "{BFC01EBE-4E34-4BAC-9F64-413CBF45C78C}"
EndProject
Project("{FAE04EC0-301F-11D3-BF4B-00C04F79EFBC}") = "StructuralPatterns", "StructuralPatterns\StructuralPatterns.csproj", "{C33382BA-AC95-40AF-A0D6-DBF18365E9CC}"
EndProject
Global
	GlobalSection(SolutionConfigurationPlatforms) = preSolution
		Debug|Any CPU = Debug|Any CPU
		Release|Any CPU = Release|Any CPU
	EndGlobalSection
	GlobalSection(ProjectConfigurationPlatforms) = postSolution
		{BFC01EBE-4E34-4BAC-9F64-413CBF45C78C}.Debug|Any CPU.ActiveCfg = Debug|Any CPU
		{BFC01EBE-4E34-4BAC-9F64-413CBF45C78C}.Debug|Any CPU.Build.0 = Debug|Any CPU
		{BFC01EBE-4E34-4BAC-9F64-413CBF45C78C}.Release|Any CPU.ActiveCfg = Release|Any CPU
		{BFC01EBE-4E34-4BAC-9F64-413CBF45C78C}.Release|Any CPU.Build.0 = Release|Any CPU
		{C33382BA-AC95-40AF-A0D6-DBF18365E9CC}.Debug|Any CPU.ActiveCfg = Debug|Any CPU
		{C33382BA-AC95-40AF-A0D6-DBF18365E9CC}.Debug|Any CPU.Build.0 = Debug|Any CPU
		{C33382BA-AC95-40AF-A0D6-DBF18365E9CC}.Release|Any CPU.ActiveCfg = Release|Any CPU
		{C33382BA-AC95-40AF-A0D6-DBF18365E9CC}.Release|Any CPU.Build.0 = Release|Any CPU
	EndGlobalSection
	GlobalSection(SolutionProperties) = preSolution
		HideSolutionNode = FALSE
	EndGlobalSection
	GlobalSection(ExtensibilityGlobals) = postSolution
		SolutionGuid = {D779B0CB-A0EA-4665-8FE3-164BF7A4A72C}
	EndGlobalSection
EndGlobal
